
Microsoft Visual Studio Solution File, Format Version 12.00
# Visual Studio 15
VisualStudioVersion = 15.0.27703.2035
MinimumVisualStudioVersion = 10.0.40219.1
Project("{FAE04EC0-301F-11D3-BF4B-00C04F79EFBC}") = "Software_Project", "Software_Project\Software_Project.csproj", "{7DF88322-37B3-4E89-A487-AD83C14A61FD}"
EndProject
Global
	GlobalSection(SolutionConfigurationPlatforms) = preSolution
		Debug|Any CPU = Debug|Any CPU
		Release|Any CPU = Release|Any CPU
	EndGlobalSection
	GlobalSection(ProjectConfigurationPlatforms) = postSolution
		{7DF88322-37B3-4E89-A487-AD83C14A61FD}.Debug|Any CPU.ActiveCfg = Debug|Any CPU
		{7DF88322-37B3-4E89-A487-AD83C14A61FD}.Debug|Any CPU.Build.0 = Debug|Any CPU
		{7DF88322-37B3-4E89-A487-AD83C14A61FD}.Release|Any CPU.ActiveCfg = Release|Any CPU
		{7DF88322-37B3-4E89-A487-AD83C14A61FD}.Release|Any CPU.Build.0 = Release|Any CPU
	EndGlobalSection
	GlobalSection(SolutionProperties) = preSolution
		HideSolutionNode = FALSE
	EndGlobalSection
	GlobalSection(ExtensibilityGlobals) = postSolution
		SolutionGuid = {2B47DEDD-3146-48E2-9CE6-C50FCDD87449}
	EndGlobalSection
EndGlobal
